<?xml version="1.0" encoding="utf-8"?>
<Project ToolsVersion="4.0" xmlns="http://schemas.microsoft.com/developer/msbuild/2003">
  <ItemGroup>
    <Filter Include="소스 파일">
      <UniqueIdentifier>{4FC737F1-C7A5-4376-A066-2A32D752A2FF}</UniqueIdentifier>
      <Extensions>cpp;c;cc;cxx;def;odl;idl;hpj;bat;asm;asmx</Extensions>
    </Filter>
    <Filter Include="헤더 파일">
      <UniqueIdentifier>{93995380-89BD-4b04-88EB-625FBE52EBFB}</UniqueIdentifier>
      <Extensions>h;hh;hpp;hxx;hm;inl;inc;xsd</Extensions>
    </Filter>
    <Filter Include="리소스 파일">
      <UniqueIdentifier>{67DA6AB6-F800-4c08-8B7A-83BB121AAD01}</UniqueIdentifier>
      <Extensions>rc;ico;cur;bmp;dlg;rc2;rct;bin;rgs;gif;jpg;jpeg;jpe;resx;tiff;tif;png;wav;mfcribbon-ms</Extensions>
    </Filter>
    <Filter Include="헤더 파일\object">
      <UniqueIdentifier>{30ed5c25-b41d-4330-8cd0-28a6d9c825de}</UniqueIdentifier>
    </Filter>
    <Filter Include="소스 파일\object">
      <UniqueIdentifier>{cffc872f-03f2-4452-8966-64bf30ff654b}</UniqueIdentifier>
    </Filter>
    <Filter Include="헤더 파일\collision">
      <UniqueIdentifier>{de34645d-cd87-40f9-877f-8c4d96f7fa97}</UniqueIdentifier>
    </Filter>
    <Filter Include="소스 파일\collision">
      <UniqueIdentifier>{4e1294b1-cfbf-4e16-a72d-d3bbf85d1571}</UniqueIdentifier>
    </Filter>
  </ItemGroup>
  <ItemGroup>
    <ClCompile Include="main.cpp">
      <Filter>소스 파일</Filter>
    </ClCompile>
    <ClCompile Include="source\modeler.cpp">
      <Filter>소스 파일</Filter>
    </ClCompile>
    <ClCompile Include="source\particle_system.cpp">
      <Filter>소스 파일</Filter>
    </ClCompile>
    <ClCompile Include="source\cube.cpp">
      <Filter>소스 파일\object</Filter>
    </ClCompile>
    <ClCompile Include="source\plane.cpp">
      <Filter>소스 파일\object</Filter>
    </ClCompile>
    <ClCompile Include="source\object.cpp">
      <Filter>소스 파일\object</Filter>
    </ClCompile>
    <ClCompile Include="source\collision.cpp">
      <Filter>소스 파일</Filter>
    </ClCompile>
    <ClCompile Include="source\neighborhood_cell.cpp">
      <Filter>소스 파일</Filter>
    </ClCompile>
    <ClCompile Include="source\grid_base.cpp">
      <Filter>소스 파일</Filter>
    </ClCompile>
    <ClCompile Include="source\simulation.cpp">
      <Filter>소스 파일</Filter>
    </ClCompile>
    <ClCompile Include="source\dem_simulation.cpp">
      <Filter>소스 파일</Filter>
    </ClCompile>
    <ClCompile Include="source\integrator.cpp">
      <Filter>소스 파일</Filter>
    </ClCompile>
    <ClCompile Include="source\velocity_verlet.cpp">
      <Filter>소스 파일</Filter>
    </ClCompile>
    <ClCompile Include="source\collision_particles_plane.cpp">
      <Filter>소스 파일\collision</Filter>
    </ClCompile>
    <ClCompile Include="source\collision_particles_particles.cpp">
      <Filter>소스 파일\collision</Filter>
    </ClCompile>
  </ItemGroup>
  <ItemGroup>
    <ClInclude Include="include\simulation.h">
      <Filter>헤더 파일</Filter>
    </ClInclude>
    <ClInclude Include="include\modeler.h">
      <Filter>헤더 파일</Filter>
    </ClInclude>
    <ClInclude Include="include\dem_simulation.h">
      <Filter>헤더 파일</Filter>
    </ClInclude>
    <ClInclude Include="include\object.h">
      <Filter>헤더 파일\object</Filter>
    </ClInclude>
    <ClInclude Include="include\mphysics_types.h">
      <Filter>헤더 파일</Filter>
    </ClInclude>
    <ClInclude Include="include\mphysics.h">
      <Filter>헤더 파일</Filter>
    </ClInclude>
    <ClInclude Include="include\particle_system.h">
      <Filter>헤더 파일</Filter>
    </ClInclude>
    <ClInclude Include="include\vector3.hpp">
      <Filter>헤더 파일</Filter>
    </ClInclude>
    <ClInclude Include="include\mphysics_numeric.h">
      <Filter>헤더 파일</Filter>
    </ClInclude>
    <ClInclude Include="include\cube.h">
      <Filter>헤더 파일\object</Filter>
    </ClInclude>
    <ClInclude Include="include\plane.h">
      <Filter>헤더 파일\object</Filter>
    </ClInclude>
    <ClInclude Include="include\collision.h">
      <Filter>헤더 파일</Filter>
    </ClInclude>
    <ClInclude Include="include\neighborhood_cell.h">
      <Filter>헤더 파일</Filter>
    </ClInclude>
    <ClInclude Include="include\grid_base.h">
      <Filter>헤더 파일</Filter>
    </ClInclude>
    <ClInclude Include="include\integrator.h">
      <Filter>헤더 파일</Filter>
    </ClInclude>
    <ClInclude Include="include\velocity_verlet.h">
      <Filter>헤더 파일</Filter>
    </ClInclude>
    <ClInclude Include="include\collision_particles_plane.h">
      <Filter>헤더 파일\collision</Filter>
    </ClInclude>
    <ClInclude Include="include\collision_particles_particles.h">
      <Filter>헤더 파일\collision</Filter>
    </ClInclude>
  </ItemGroup>
</Project>